
Microsoft Visual Studio Solution File, Format Version 12.00
# Visual Studio 14
VisualStudioVersion = 14.0.25420.1
MinimumVisualStudioVersion = 10.0.40219.1
Project("{FAE04EC0-301F-11D3-BF4B-00C04F79EFBC}") = "TurtleTraining", "TurtleTraining\TurtleTraining.csproj", "{77BE4F27-9082-468B-A1E8-EB0A1D6B7FDC}"
EndProject
Project("{FAE04EC0-301F-11D3-BF4B-00C04F79EFBC}") = "Turtle2", "Turtle2\Turtle2.csproj", "{0B957EAC-0768-45DE-836A-0E4C29B45277}"
EndProject
Global
	GlobalSection(SolutionConfigurationPlatforms) = preSolution
		Debug|Any CPU = Debug|Any CPU
		Release|Any CPU = Release|Any CPU
	EndGlobalSection
	GlobalSection(ProjectConfigurationPlatforms) = postSolution
		{77BE4F27-9082-468B-A1E8-EB0A1D6B7FDC}.Debug|Any CPU.ActiveCfg = Debug|Any CPU
		{77BE4F27-9082-468B-A1E8-EB0A1D6B7FDC}.Debug|Any CPU.Build.0 = Debug|Any CPU
		{77BE4F27-9082-468B-A1E8-EB0A1D6B7FDC}.Release|Any CPU.ActiveCfg = Release|Any CPU
		{77BE4F27-9082-468B-A1E8-EB0A1D6B7FDC}.Release|Any CPU.Build.0 = Release|Any CPU
		{0B957EAC-0768-45DE-836A-0E4C29B45277}.Debug|Any CPU.ActiveCfg = Debug|Any CPU
		{0B957EAC-0768-45DE-836A-0E4C29B45277}.Debug|Any CPU.Build.0 = Debug|Any CPU
		{0B957EAC-0768-45DE-836A-0E4C29B45277}.Release|Any CPU.ActiveCfg = Release|Any CPU
		{0B957EAC-0768-45DE-836A-0E4C29B45277}.Release|Any CPU.Build.0 = Release|Any CPU
	EndGlobalSection
	GlobalSection(SolutionProperties) = preSolution
		HideSolutionNode = FALSE
	EndGlobalSection
EndGlobal
